
Microsoft Visual Studio Solution File, Format Version 12.00
# Visual Studio Version 17
VisualStudioVersion = 17.13.35931.197 d17.13
MinimumVisualStudioVersion = 10.0.40219.1
Project("{FAE04EC0-301F-11D3-BF4B-00C04F79EFBC}") = "SecurityProject", "SecurityProject.csproj", "{060D5A09-758A-4DB3-B450-9FFADBE48BBB}"
EndProject
Global
	GlobalSection(SolutionConfigurationPlatforms) = preSolution
		Debug|Any CPU = Debug|Any CPU
		Release|Any CPU = Release|Any CPU
	EndGlobalSection
	GlobalSection(ProjectConfigurationPlatforms) = postSolution
		{060D5A09-758A-4DB3-B450-9FFADBE48BBB}.Debug|Any CPU.ActiveCfg = Debug|Any CPU
		{060D5A09-758A-4DB3-B450-9FFADBE48BBB}.Debug|Any CPU.Build.0 = Debug|Any CPU
		{060D5A09-758A-4DB3-B450-9FFADBE48BBB}.Release|Any CPU.ActiveCfg = Release|Any CPU
		{060D5A09-758A-4DB3-B450-9FFADBE48BBB}.Release|Any CPU.Build.0 = Release|Any CPU
	EndGlobalSection
	GlobalSection(SolutionProperties) = preSolution
		HideSolutionNode = FALSE
	EndGlobalSection
	GlobalSection(ExtensibilityGlobals) = postSolution
		SolutionGuid = {3C146A89-A5BB-4F08-8334-E7232A1B2E0A}
	EndGlobalSection
EndGlobal
